
Microsoft Visual Studio Solution File, Format Version 12.00
# Visual Studio Version 17
VisualStudioVersion = 17.7.34221.43
MinimumVisualStudioVersion = 10.0.40219.1
Project("{FAE04EC0-301F-11D3-BF4B-00C04F79EFBC}") = "Sofware Empresarial", "Sofware Empresarial\Sofware Empresarial.csproj", "{970E089D-769C-484E-B056-F3E4C3DF2CCD}"
EndProject
Project("{FAE04EC0-301F-11D3-BF4B-00C04F79EFBC}") = "CapaEntidad", "CapaEntidad\CapaEntidad.csproj", "{4F9E2A11-2957-4512-9683-B68DC9C381D2}"
EndProject
Project("{FAE04EC0-301F-11D3-BF4B-00C04F79EFBC}") = "CapaNegocio", "CapaNegocio\CapaNegocio.csproj", "{5DDD80F6-7637-45FE-BB09-1DF646F1AFF5}"
EndProject
Project("{FAE04EC0-301F-11D3-BF4B-00C04F79EFBC}") = "CapaDatos", "CapaDatos\CapaDatos.csproj", "{D9628EBA-8DCA-4BAB-8134-0B3A1CF55E10}"
EndProject
Global
	GlobalSection(SolutionConfigurationPlatforms) = preSolution
		Debug|Any CPU = Debug|Any CPU
		Release|Any CPU = Release|Any CPU
	EndGlobalSection
	GlobalSection(ProjectConfigurationPlatforms) = postSolution
		{970E089D-769C-484E-B056-F3E4C3DF2CCD}.Debug|Any CPU.ActiveCfg = Debug|Any CPU
		{970E089D-769C-484E-B056-F3E4C3DF2CCD}.Debug|Any CPU.Build.0 = Debug|Any CPU
		{970E089D-769C-484E-B056-F3E4C3DF2CCD}.Release|Any CPU.ActiveCfg = Release|Any CPU
		{970E089D-769C-484E-B056-F3E4C3DF2CCD}.Release|Any CPU.Build.0 = Release|Any CPU
		{4F9E2A11-2957-4512-9683-B68DC9C381D2}.Debug|Any CPU.ActiveCfg = Debug|Any CPU
		{4F9E2A11-2957-4512-9683-B68DC9C381D2}.Debug|Any CPU.Build.0 = Debug|Any CPU
		{4F9E2A11-2957-4512-9683-B68DC9C381D2}.Release|Any CPU.ActiveCfg = Release|Any CPU
		{4F9E2A11-2957-4512-9683-B68DC9C381D2}.Release|Any CPU.Build.0 = Release|Any CPU
		{5DDD80F6-7637-45FE-BB09-1DF646F1AFF5}.Debug|Any CPU.ActiveCfg = Debug|Any CPU
		{5DDD80F6-7637-45FE-BB09-1DF646F1AFF5}.Debug|Any CPU.Build.0 = Debug|Any CPU
		{5DDD80F6-7637-45FE-BB09-1DF646F1AFF5}.Release|Any CPU.ActiveCfg = Release|Any CPU
		{5DDD80F6-7637-45FE-BB09-1DF646F1AFF5}.Release|Any CPU.Build.0 = Release|Any CPU
		{D9628EBA-8DCA-4BAB-8134-0B3A1CF55E10}.Debug|Any CPU.ActiveCfg = Debug|Any CPU
		{D9628EBA-8DCA-4BAB-8134-0B3A1CF55E10}.Debug|Any CPU.Build.0 = Debug|Any CPU
		{D9628EBA-8DCA-4BAB-8134-0B3A1CF55E10}.Release|Any CPU.ActiveCfg = Release|Any CPU
		{D9628EBA-8DCA-4BAB-8134-0B3A1CF55E10}.Release|Any CPU.Build.0 = Release|Any CPU
	EndGlobalSection
	GlobalSection(SolutionProperties) = preSolution
		HideSolutionNode = FALSE
	EndGlobalSection
	GlobalSection(ExtensibilityGlobals) = postSolution
		SolutionGuid = {D42C884E-6A08-46EE-8C2C-D4CE003D484E}
	EndGlobalSection
EndGlobal
